
Microsoft Visual Studio Solution File, Format Version 12.00
# Visual Studio 15
VisualStudioVersion = 15.0.28010.2016
MinimumVisualStudioVersion = 10.0.40219.1
Project("{FAE04EC0-301F-11D3-BF4B-00C04F79EFBC}") = "BMSTU-XML", "BMSTU-XML.csproj", "{EA2B2174-80F8-432F-8902-7D29187A0A3D}"
EndProject
Project("{FAE04EC0-301F-11D3-BF4B-00C04F79EFBC}") = "XML", "XML\XML.csproj", "{B95C21F5-8A27-4595-82C3-116D700E3C00}"
EndProject
Global
	GlobalSection(SolutionConfigurationPlatforms) = preSolution
		Debug|Any CPU = Debug|Any CPU
		Release|Any CPU = Release|Any CPU
	EndGlobalSection
	GlobalSection(ProjectConfigurationPlatforms) = postSolution
		{EA2B2174-80F8-432F-8902-7D29187A0A3D}.Debug|Any CPU.ActiveCfg = Debug|Any CPU
		{EA2B2174-80F8-432F-8902-7D29187A0A3D}.Debug|Any CPU.Build.0 = Debug|Any CPU
		{EA2B2174-80F8-432F-8902-7D29187A0A3D}.Release|Any CPU.ActiveCfg = Release|Any CPU
		{EA2B2174-80F8-432F-8902-7D29187A0A3D}.Release|Any CPU.Build.0 = Release|Any CPU
		{B95C21F5-8A27-4595-82C3-116D700E3C00}.Debug|Any CPU.ActiveCfg = Debug|Any CPU
		{B95C21F5-8A27-4595-82C3-116D700E3C00}.Debug|Any CPU.Build.0 = Debug|Any CPU
		{B95C21F5-8A27-4595-82C3-116D700E3C00}.Release|Any CPU.ActiveCfg = Release|Any CPU
		{B95C21F5-8A27-4595-82C3-116D700E3C00}.Release|Any CPU.Build.0 = Release|Any CPU
	EndGlobalSection
	GlobalSection(SolutionProperties) = preSolution
		HideSolutionNode = FALSE
	EndGlobalSection
	GlobalSection(ExtensibilityGlobals) = postSolution
		SolutionGuid = {270A2F18-966A-4B3F-91F5-8339708D37D0}
	EndGlobalSection
EndGlobal
